
Microsoft Visual Studio Solution File, Format Version 12.00
# Visual Studio Version 17
VisualStudioVersion = 17.11.35312.102
MinimumVisualStudioVersion = 10.0.40219.1
Project("{2150E333-8FDC-42A3-9474-1A3956D46DE8}") = "Task0", "Task0", "{C92EFF67-8606-4C13-B511-F169BE84349D}"
EndProject
Project("{9A19103F-16F7-4668-BE54-9A1E7A4F7556}") = "Tyuiu.PolyakovaAS.Sprint0.Task0.V0", "Tyuiu.PolyakovaAS.Sprint0.Task0.V0\Tyuiu.PolyakovaAS.Sprint0.Task0.V0.csproj", "{196E8D49-095C-4460-8D5C-B492B71837A0}"
EndProject
Project("{2150E333-8FDC-42A3-9474-1A3956D46DE8}") = "Task1", "Task1", "{B9040648-7E5A-4854-A592-CC02DFD69853}"
EndProject
Project("{FAE04EC0-301F-11D3-BF4B-00C04F79EFBC}") = "Tyuiu.PolyakovaAS.Sprint0.Task1.V0", "Tyuiu.PolyakovaAS.Sprint0.Task1.V0\Tyuiu.PolyakovaAS.Sprint0.Task1.V0.csproj", "{A53FEEC4-2EF9-4801-B414-EEAB4D8066C0}"
EndProject
Project("{2150E333-8FDC-42A3-9474-1A3956D46DE8}") = "Task2", "Task2", "{02EA681E-C7D8-13C7-8484-4AC65E1B71E8}"
EndProject
Project("{FAE04EC0-301F-11D3-BF4B-00C04F79EFBC}") = "Tyuiu.PolyakovaAS.Sprint0.Task2.V0", "Tyuiu.PolyakovaAS.Sprint0.Task2.V0\Tyuiu.PolyakovaAS.Sprint0.Task2.V0.csproj", "{08F74403-A9CA-4D89-9CF5-05C76FB39968}"
EndProject
Project("{FAE04EC0-301F-11D3-BF4B-00C04F79EFBC}") = "Tyuiu.PolyakovaAS.Sprint0.Task2.V0.Lib", "Tyuiu.PolyakovaAS.Sprint0.Task2.V0.Lib\Tyuiu.PolyakovaAS.Sprint0.Task2.V0.Lib.csproj", "{CFAE12A1-32D6-40AE-A176-F6F26E46A9A0}"
EndProject
Project("{FAE04EC0-301F-11D3-BF4B-00C04F79EFBC}") = "Tyuiu.PolyakovaAS.Sprint0.Task2.V0.Test", "Tyuiu.PolyakovaAS.Sprint0.Task2.V0.Test\Tyuiu.PolyakovaAS.Sprint0.Task2.V0.Test.csproj", "{107B48E2-D43A-4D08-9BD3-C23DB7FB2B61}"
EndProject
Project("{2150E333-8FDC-42A3-9474-1A3956D46DE8}") = "Task3", "Task3", "{5022FCCB-9129-49C0-80D2-3EA3C825F05C}"
EndProject
Project("{FAE04EC0-301F-11D3-BF4B-00C04F79EFBC}") = "Tyuiu.PolyakovaAS.Sprint0.Task3.V0", "Tyuiu.PolyakovaAS.Sprint0.Task3.V0\Tyuiu.PolyakovaAS.Sprint0.Task3.V0.csproj", "{F8B7B97F-55C0-46AE-A6DA-4BEF40BEE4B1}"
EndProject
Project("{FAE04EC0-301F-11D3-BF4B-00C04F79EFBC}") = "Tyuiu.PolyakovaAS.Sprint0.Task3.V0.Lib", "Tyuiu.PolyakovaAS.Sprint0.Task3.V0.Lib\Tyuiu.PolyakovaAS.Sprint0.Task3.V0.Lib.csproj", "{D7A878E8-A78D-4ED8-BCC5-99EEEB43A70B}"
EndProject
Project("{FAE04EC0-301F-11D3-BF4B-00C04F79EFBC}") = "Tyuiu.PolyakovaAS.Sprint0.Task3.V0.Test", "Tyuiu.PolyakovaAS.Sprint0.Task3.V0.Test\Tyuiu.PolyakovaAS.Sprint0.Task3.V0.Test.csproj", "{E14F703F-A9B2-4191-BFF9-440A91FFBC2F}"
EndProject
Project("{2150E333-8FDC-42A3-9474-1A3956D46DE8}") = "Task4", "Task4", "{86996A33-FB1E-4DD2-B73B-1E5539BABC52}"
EndProject
Project("{2150E333-8FDC-42A3-9474-1A3956D46DE8}") = "Task5", "Task5", "{713CA494-11D7-40D1-8101-CB374A097B8D}"
EndProject
Project("{2150E333-8FDC-42A3-9474-1A3956D46DE8}") = "Task6", "Task6", "{0B76ECEC-85E2-487B-8731-9C2F840895F1}"
EndProject
Project("{2150E333-8FDC-42A3-9474-1A3956D46DE8}") = "Task7", "Task7", "{DB157416-253B-48C4-98AF-19D950C1D1EF}"
EndProject
Project("{FAE04EC0-301F-11D3-BF4B-00C04F79EFBC}") = "Tyuiu.PolyakovaAS.Sprint0.Task4.V0", "Tyuiu.PolyakovaAS.Sprint0.Task4.V0\Tyuiu.PolyakovaAS.Sprint0.Task4.V0.csproj", "{A90CCAC2-4260-4FA6-8AB8-F72F6D2426C3}"
EndProject
Project("{FAE04EC0-301F-11D3-BF4B-00C04F79EFBC}") = "Tyuiu.PolyakovaAS.Sprint0.Task5.V0", "Tyuiu.PolyakovaAS.Sprint0.Task5.V0\Tyuiu.PolyakovaAS.Sprint0.Task5.V0.csproj", "{698BF323-03D1-4C8E-9961-82066CA1A0B6}"
EndProject
Project("{FAE04EC0-301F-11D3-BF4B-00C04F79EFBC}") = "Tyuiu.PolyakovaAS.Sprint0.Task6.V0", "Tyuiu.PolyakovaAS.Sprint0.Task6.V0\Tyuiu.PolyakovaAS.Sprint0.Task6.V0.csproj", "{CADAA192-5356-4C12-A41E-CAFAD15B7BC0}"
EndProject
Project("{FAE04EC0-301F-11D3-BF4B-00C04F79EFBC}") = "Tyuiu.PolyakovaAS.Sprint0.Task7.V0", "Tyuiu.PolyakovaAS.Sprint0.Task7.V0\Tyuiu.PolyakovaAS.Sprint0.Task7.V0.csproj", "{656871D8-2B27-4EFC-B645-89FC0AE78A3E}"
EndProject
Project("{FAE04EC0-301F-11D3-BF4B-00C04F79EFBC}") = "Tyuiu.PolyakovaAS.Sprint0.Task4.V0.Lib", "Tyuiu.PolyakovaAS.Sprint0.Task4.V0.Lib\Tyuiu.PolyakovaAS.Sprint0.Task4.V0.Lib.csproj", "{6343FCAD-F0CF-4178-B79D-AD5D1883D9E3}"
EndProject
Project("{FAE04EC0-301F-11D3-BF4B-00C04F79EFBC}") = "Tyuiu.PolyakovaAS.Sprint0.Task5.V0.Lib", "Tyuiu.PolyakovaAS.Sprint0.Task5.V0.Lib\Tyuiu.PolyakovaAS.Sprint0.Task5.V0.Lib.csproj", "{9DAB38C9-E7FD-46BD-84A0-8F856B46F3FA}"
EndProject
Project("{FAE04EC0-301F-11D3-BF4B-00C04F79EFBC}") = "Tyuiu.PolyakovaAS.Sprint0.Task6.V0.Lib", "Tyuiu.PolyakovaAS.Sprint0.Task6.V0.Lib\Tyuiu.PolyakovaAS.Sprint0.Task6.V0.Lib.csproj", "{13F85DE6-2D30-42BC-9161-6953A94678D9}"
EndProject
Project("{FAE04EC0-301F-11D3-BF4B-00C04F79EFBC}") = "Tyuiu.PolyakovaAS.Sprint0.Task7.V0.Lib", "Tyuiu.PolyakovaAS.Sprint0.Task7.V0.Lib\Tyuiu.PolyakovaAS.Sprint0.Task7.V0.Lib.csproj", "{51C42113-A5D0-4F37-9008-DBA119BE30A7}"
EndProject
Project("{FAE04EC0-301F-11D3-BF4B-00C04F79EFBC}") = "Tyuiu.PolyakovaAS.Sprint0.Task4.V0.Test", "Tyuiu.PolyakovaAS.Sprint0.Task4.V0.Test\Tyuiu.PolyakovaAS.Sprint0.Task4.V0.Test.csproj", "{BBBA9993-4FCA-4705-BA78-CB4692FFAB58}"
EndProject
Project("{FAE04EC0-301F-11D3-BF4B-00C04F79EFBC}") = "Tyuiu.PolyakovaAS.Sprint0.Task5.V0.Test", "Tyuiu.PolyakovaAS.Sprint0.Task5.V0.Test\Tyuiu.PolyakovaAS.Sprint0.Task5.V0.Test.csproj", "{9567A30F-C994-4AD1-BBCA-DB990C39B445}"
EndProject
Project("{FAE04EC0-301F-11D3-BF4B-00C04F79EFBC}") = "Tyuiu.PolyakovaAS.Sprint0.Task6.V0.Test", "Tyuiu.PolyakovaAS.Sprint0.Task6.V0.Test\Tyuiu.PolyakovaAS.Sprint0.Task6.V0.Test.csproj", "{B4477A6D-69C7-4DCD-B163-645703AD330C}"
EndProject
Project("{FAE04EC0-301F-11D3-BF4B-00C04F79EFBC}") = "Tyuiu.PolyakovaAS.Sprint0.Task7.V0.Test", "Tyuiu.PolyakovaAS.Sprint0.Task7.V0.Test\Tyuiu.PolyakovaAS.Sprint0.Task7.V0.Test.csproj", "{40F3F0E9-1DA8-4DBA-B83A-8362F6A42CE6}"
EndProject
Global
	GlobalSection(SolutionConfigurationPlatforms) = preSolution
		Debug|Any CPU = Debug|Any CPU
		Release|Any CPU = Release|Any CPU
	EndGlobalSection
	GlobalSection(ProjectConfigurationPlatforms) = postSolution
		{196E8D49-095C-4460-8D5C-B492B71837A0}.Debug|Any CPU.ActiveCfg = Debug|Any CPU
		{196E8D49-095C-4460-8D5C-B492B71837A0}.Debug|Any CPU.Build.0 = Debug|Any CPU
		{196E8D49-095C-4460-8D5C-B492B71837A0}.Release|Any CPU.ActiveCfg = Release|Any CPU
		{196E8D49-095C-4460-8D5C-B492B71837A0}.Release|Any CPU.Build.0 = Release|Any CPU
		{A53FEEC4-2EF9-4801-B414-EEAB4D8066C0}.Debug|Any CPU.ActiveCfg = Debug|Any CPU
		{A53FEEC4-2EF9-4801-B414-EEAB4D8066C0}.Debug|Any CPU.Build.0 = Debug|Any CPU
		{A53FEEC4-2EF9-4801-B414-EEAB4D8066C0}.Release|Any CPU.ActiveCfg = Release|Any CPU
		{A53FEEC4-2EF9-4801-B414-EEAB4D8066C0}.Release|Any CPU.Build.0 = Release|Any CPU
		{08F74403-A9CA-4D89-9CF5-05C76FB39968}.Debug|Any CPU.ActiveCfg = Debug|Any CPU
		{08F74403-A9CA-4D89-9CF5-05C76FB39968}.Debug|Any CPU.Build.0 = Debug|Any CPU
		{08F74403-A9CA-4D89-9CF5-05C76FB39968}.Release|Any CPU.ActiveCfg = Release|Any CPU
		{08F74403-A9CA-4D89-9CF5-05C76FB39968}.Release|Any CPU.Build.0 = Release|Any CPU
		{CFAE12A1-32D6-40AE-A176-F6F26E46A9A0}.Debug|Any CPU.ActiveCfg = Debug|Any CPU
		{CFAE12A1-32D6-40AE-A176-F6F26E46A9A0}.Debug|Any CPU.Build.0 = Debug|Any CPU
		{CFAE12A1-32D6-40AE-A176-F6F26E46A9A0}.Release|Any CPU.ActiveCfg = Release|Any CPU
		{CFAE12A1-32D6-40AE-A176-F6F26E46A9A0}.Release|Any CPU.Build.0 = Release|Any CPU
		{107B48E2-D43A-4D08-9BD3-C23DB7FB2B61}.Debug|Any CPU.ActiveCfg = Debug|Any CPU
		{107B48E2-D43A-4D08-9BD3-C23DB7FB2B61}.Debug|Any CPU.Build.0 = Debug|Any CPU
		{107B48E2-D43A-4D08-9BD3-C23DB7FB2B61}.Release|Any CPU.ActiveCfg = Release|Any CPU
		{107B48E2-D43A-4D08-9BD3-C23DB7FB2B61}.Release|Any CPU.Build.0 = Release|Any CPU
		{F8B7B97F-55C0-46AE-A6DA-4BEF40BEE4B1}.Debug|Any CPU.ActiveCfg = Debug|Any CPU
		{F8B7B97F-55C0-46AE-A6DA-4BEF40BEE4B1}.Debug|Any CPU.Build.0 = Debug|Any CPU
		{F8B7B97F-55C0-46AE-A6DA-4BEF40BEE4B1}.Release|Any CPU.ActiveCfg = Release|Any CPU
		{F8B7B97F-55C0-46AE-A6DA-4BEF40BEE4B1}.Release|Any CPU.Build.0 = Release|Any CPU
		{D7A878E8-A78D-4ED8-BCC5-99EEEB43A70B}.Debug|Any CPU.ActiveCfg = Debug|Any CPU
		{D7A878E8-A78D-4ED8-BCC5-99EEEB43A70B}.Debug|Any CPU.Build.0 = Debug|Any CPU
		{D7A878E8-A78D-4ED8-BCC5-99EEEB43A70B}.Release|Any CPU.ActiveCfg = Release|Any CPU
		{D7A878E8-A78D-4ED8-BCC5-99EEEB43A70B}.Release|Any CPU.Build.0 = Release|Any CPU
		{E14F703F-A9B2-4191-BFF9-440A91FFBC2F}.Debug|Any CPU.ActiveCfg = Debug|Any CPU
		{E14F703F-A9B2-4191-BFF9-440A91FFBC2F}.Debug|Any CPU.Build.0 = Debug|Any CPU
		{E14F703F-A9B2-4191-BFF9-440A91FFBC2F}.Release|Any CPU.ActiveCfg = Release|Any CPU
		{E14F703F-A9B2-4191-BFF9-440A91FFBC2F}.Release|Any CPU.Build.0 = Release|Any CPU
		{A90CCAC2-4260-4FA6-8AB8-F72F6D2426C3}.Debug|Any CPU.ActiveCfg = Debug|Any CPU
		{A90CCAC2-4260-4FA6-8AB8-F72F6D2426C3}.Debug|Any CPU.Build.0 = Debug|Any CPU
		{A90CCAC2-4260-4FA6-8AB8-F72F6D2426C3}.Release|Any CPU.ActiveCfg = Release|Any CPU
		{A90CCAC2-4260-4FA6-8AB8-F72F6D2426C3}.Release|Any CPU.Build.0 = Release|Any CPU
		{698BF323-03D1-4C8E-9961-82066CA1A0B6}.Debug|Any CPU.ActiveCfg = Debug|Any CPU
		{698BF323-03D1-4C8E-9961-82066CA1A0B6}.Debug|Any CPU.Build.0 = Debug|Any CPU
		{698BF323-03D1-4C8E-9961-82066CA1A0B6}.Release|Any CPU.ActiveCfg = Release|Any CPU
		{698BF323-03D1-4C8E-9961-82066CA1A0B6}.Release|Any CPU.Build.0 = Release|Any CPU
		{CADAA192-5356-4C12-A41E-CAFAD15B7BC0}.Debug|Any CPU.ActiveCfg = Debug|Any CPU
		{CADAA192-5356-4C12-A41E-CAFAD15B7BC0}.Debug|Any CPU.Build.0 = Debug|Any CPU
		{CADAA192-5356-4C12-A41E-CAFAD15B7BC0}.Release|Any CPU.ActiveCfg = Release|Any CPU
		{CADAA192-5356-4C12-A41E-CAFAD15B7BC0}.Release|Any CPU.Build.0 = Release|Any CPU
		{656871D8-2B27-4EFC-B645-89FC0AE78A3E}.Debug|Any CPU.ActiveCfg = Debug|Any CPU
		{656871D8-2B27-4EFC-B645-89FC0AE78A3E}.Debug|Any CPU.Build.0 = Debug|Any CPU
		{656871D8-2B27-4EFC-B645-89FC0AE78A3E}.Release|Any CPU.ActiveCfg = Release|Any CPU
		{656871D8-2B27-4EFC-B645-89FC0AE78A3E}.Release|Any CPU.Build.0 = Release|Any CPU
		{6343FCAD-F0CF-4178-B79D-AD5D1883D9E3}.Debug|Any CPU.ActiveCfg = Debug|Any CPU
		{6343FCAD-F0CF-4178-B79D-AD5D1883D9E3}.Debug|Any CPU.Build.0 = Debug|Any CPU
		{6343FCAD-F0CF-4178-B79D-AD5D1883D9E3}.Release|Any CPU.ActiveCfg = Release|Any CPU
		{6343FCAD-F0CF-4178-B79D-AD5D1883D9E3}.Release|Any CPU.Build.0 = Release|Any CPU
		{9DAB38C9-E7FD-46BD-84A0-8F856B46F3FA}.Debug|Any CPU.ActiveCfg = Debug|Any CPU
		{9DAB38C9-E7FD-46BD-84A0-8F856B46F3FA}.Debug|Any CPU.Build.0 = Debug|Any CPU
		{9DAB38C9-E7FD-46BD-84A0-8F856B46F3FA}.Release|Any CPU.ActiveCfg = Release|Any CPU
		{9DAB38C9-E7FD-46BD-84A0-8F856B46F3FA}.Release|Any CPU.Build.0 = Release|Any CPU
		{13F85DE6-2D30-42BC-9161-6953A94678D9}.Debug|Any CPU.ActiveCfg = Debug|Any CPU
		{13F85DE6-2D30-42BC-9161-6953A94678D9}.Debug|Any CPU.Build.0 = Debug|Any CPU
		{13F85DE6-2D30-42BC-9161-6953A94678D9}.Release|Any CPU.ActiveCfg = Release|Any CPU
		{13F85DE6-2D30-42BC-9161-6953A94678D9}.Release|Any CPU.Build.0 = Release|Any CPU
		{51C42113-A5D0-4F37-9008-DBA119BE30A7}.Debug|Any CPU.ActiveCfg = Debug|Any CPU
		{51C42113-A5D0-4F37-9008-DBA119BE30A7}.Debug|Any CPU.Build.0 = Debug|Any CPU
		{51C42113-A5D0-4F37-9008-DBA119BE30A7}.Release|Any CPU.ActiveCfg = Release|Any CPU
		{51C42113-A5D0-4F37-9008-DBA119BE30A7}.Release|Any CPU.Build.0 = Release|Any CPU
		{BBBA9993-4FCA-4705-BA78-CB4692FFAB58}.Debug|Any CPU.ActiveCfg = Debug|Any CPU
		{BBBA9993-4FCA-4705-BA78-CB4692FFAB58}.Debug|Any CPU.Build.0 = Debug|Any CPU
		{BBBA9993-4FCA-4705-BA78-CB4692FFAB58}.Release|Any CPU.ActiveCfg = Release|Any CPU
		{BBBA9993-4FCA-4705-BA78-CB4692FFAB58}.Release|Any CPU.Build.0 = Release|Any CPU
		{9567A30F-C994-4AD1-BBCA-DB990C39B445}.Debug|Any CPU.ActiveCfg = Debug|Any CPU
		{9567A30F-C994-4AD1-BBCA-DB990C39B445}.Debug|Any CPU.Build.0 = Debug|Any CPU
		{9567A30F-C994-4AD1-BBCA-DB990C39B445}.Release|Any CPU.ActiveCfg = Release|Any CPU
		{9567A30F-C994-4AD1-BBCA-DB990C39B445}.Release|Any CPU.Build.0 = Release|Any CPU
		{B4477A6D-69C7-4DCD-B163-645703AD330C}.Debug|Any CPU.ActiveCfg = Debug|Any CPU
		{B4477A6D-69C7-4DCD-B163-645703AD330C}.Debug|Any CPU.Build.0 = Debug|Any CPU
		{B4477A6D-69C7-4DCD-B163-645703AD330C}.Release|Any CPU.ActiveCfg = Release|Any CPU
		{B4477A6D-69C7-4DCD-B163-645703AD330C}.Release|Any CPU.Build.0 = Release|Any CPU
		{40F3F0E9-1DA8-4DBA-B83A-8362F6A42CE6}.Debug|Any CPU.ActiveCfg = Debug|Any CPU
		{40F3F0E9-1DA8-4DBA-B83A-8362F6A42CE6}.Debug|Any CPU.Build.0 = Debug|Any CPU
		{40F3F0E9-1DA8-4DBA-B83A-8362F6A42CE6}.Release|Any CPU.ActiveCfg = Release|Any CPU
		{40F3F0E9-1DA8-4DBA-B83A-8362F6A42CE6}.Release|Any CPU.Build.0 = Release|Any CPU
	EndGlobalSection
	GlobalSection(SolutionProperties) = preSolution
		HideSolutionNode = FALSE
	EndGlobalSection
	GlobalSection(NestedProjects) = preSolution
		{196E8D49-095C-4460-8D5C-B492B71837A0} = {C92EFF67-8606-4C13-B511-F169BE84349D}
		{A53FEEC4-2EF9-4801-B414-EEAB4D8066C0} = {B9040648-7E5A-4854-A592-CC02DFD69853}
		{08F74403-A9CA-4D89-9CF5-05C76FB39968} = {02EA681E-C7D8-13C7-8484-4AC65E1B71E8}
		{CFAE12A1-32D6-40AE-A176-F6F26E46A9A0} = {02EA681E-C7D8-13C7-8484-4AC65E1B71E8}
		{107B48E2-D43A-4D08-9BD3-C23DB7FB2B61} = {02EA681E-C7D8-13C7-8484-4AC65E1B71E8}
		{F8B7B97F-55C0-46AE-A6DA-4BEF40BEE4B1} = {5022FCCB-9129-49C0-80D2-3EA3C825F05C}
		{D7A878E8-A78D-4ED8-BCC5-99EEEB43A70B} = {5022FCCB-9129-49C0-80D2-3EA3C825F05C}
		{E14F703F-A9B2-4191-BFF9-440A91FFBC2F} = {5022FCCB-9129-49C0-80D2-3EA3C825F05C}
		{A90CCAC2-4260-4FA6-8AB8-F72F6D2426C3} = {86996A33-FB1E-4DD2-B73B-1E5539BABC52}
		{698BF323-03D1-4C8E-9961-82066CA1A0B6} = {713CA494-11D7-40D1-8101-CB374A097B8D}
		{CADAA192-5356-4C12-A41E-CAFAD15B7BC0} = {0B76ECEC-85E2-487B-8731-9C2F840895F1}
		{656871D8-2B27-4EFC-B645-89FC0AE78A3E} = {DB157416-253B-48C4-98AF-19D950C1D1EF}
		{6343FCAD-F0CF-4178-B79D-AD5D1883D9E3} = {86996A33-FB1E-4DD2-B73B-1E5539BABC52}
		{9DAB38C9-E7FD-46BD-84A0-8F856B46F3FA} = {713CA494-11D7-40D1-8101-CB374A097B8D}
		{13F85DE6-2D30-42BC-9161-6953A94678D9} = {0B76ECEC-85E2-487B-8731-9C2F840895F1}
		{51C42113-A5D0-4F37-9008-DBA119BE30A7} = {DB157416-253B-48C4-98AF-19D950C1D1EF}
		{BBBA9993-4FCA-4705-BA78-CB4692FFAB58} = {86996A33-FB1E-4DD2-B73B-1E5539BABC52}
		{9567A30F-C994-4AD1-BBCA-DB990C39B445} = {713CA494-11D7-40D1-8101-CB374A097B8D}
		{B4477A6D-69C7-4DCD-B163-645703AD330C} = {0B76ECEC-85E2-487B-8731-9C2F840895F1}
		{40F3F0E9-1DA8-4DBA-B83A-8362F6A42CE6} = {DB157416-253B-48C4-98AF-19D950C1D1EF}
	EndGlobalSection
	GlobalSection(ExtensibilityGlobals) = postSolution
		SolutionGuid = {8480C7FD-0E9E-425E-95F5-39C44B4C4433}
	EndGlobalSection
EndGlobal
